
Microsoft Visual Studio Solution File, Format Version 12.00
# Visual Studio Version 17
VisualStudioVersion = 17.3.32901.215
MinimumVisualStudioVersion = 10.0.40219.1
Project("{FAE04EC0-301F-11D3-BF4B-00C04F79EFBC}") = "Coding_Practice_For_Mid_Term", "Coding_Practice_For_Mid_Term.csproj", "{BB470289-69F3-4424-ABE0-1B437A21204F}"
EndProject
Global
	GlobalSection(SolutionConfigurationPlatforms) = preSolution
		Debug|Any CPU = Debug|Any CPU
		Release|Any CPU = Release|Any CPU
	EndGlobalSection
	GlobalSection(ProjectConfigurationPlatforms) = postSolution
		{BB470289-69F3-4424-ABE0-1B437A21204F}.Debug|Any CPU.ActiveCfg = Debug|Any CPU
		{BB470289-69F3-4424-ABE0-1B437A21204F}.Debug|Any CPU.Build.0 = Debug|Any CPU
		{BB470289-69F3-4424-ABE0-1B437A21204F}.Release|Any CPU.ActiveCfg = Release|Any CPU
		{BB470289-69F3-4424-ABE0-1B437A21204F}.Release|Any CPU.Build.0 = Release|Any CPU
	EndGlobalSection
	GlobalSection(SolutionProperties) = preSolution
		HideSolutionNode = FALSE
	EndGlobalSection
	GlobalSection(ExtensibilityGlobals) = postSolution
		SolutionGuid = {08E4E8EF-CF66-484F-BCEB-0E90CDDC4CBE}
	EndGlobalSection
EndGlobal
